
Microsoft Visual Studio Solution File, Format Version 12.00
# Visual Studio Version 16
VisualStudioVersion = 16.0.29521.150
MinimumVisualStudioVersion = 10.0.40219.1
Project("{9A19103F-16F7-4668-BE54-9A1E7A4F7556}") = "DBCommon", "Entitiy\DBCommon.csproj", "{481720FC-620F-4915-BCAF-8D8F7A0967B4}"
EndProject
Project("{9A19103F-16F7-4668-BE54-9A1E7A4F7556}") = "NetCoreSqliteDB", "RepositoryNetCore\NetCoreSqliteDB.csproj", "{EF285885-B883-420E-9293-DDDB3CC5E4BD}"
EndProject
Project("{9A19103F-16F7-4668-BE54-9A1E7A4F7556}") = "NetCorDBTests", "RepositoryNetCoreTests\NetCorDBTests.csproj", "{D518FD01-77F3-4956-AE1A-DC4EB282566B}"
EndProject
Global
	GlobalSection(SolutionConfigurationPlatforms) = preSolution
		Debug|Any CPU = Debug|Any CPU
		Release|Any CPU = Release|Any CPU
	EndGlobalSection
	GlobalSection(ProjectConfigurationPlatforms) = postSolution
		{481720FC-620F-4915-BCAF-8D8F7A0967B4}.Debug|Any CPU.ActiveCfg = Debug|Any CPU
		{481720FC-620F-4915-BCAF-8D8F7A0967B4}.Debug|Any CPU.Build.0 = Debug|Any CPU
		{481720FC-620F-4915-BCAF-8D8F7A0967B4}.Release|Any CPU.ActiveCfg = Release|Any CPU
		{481720FC-620F-4915-BCAF-8D8F7A0967B4}.Release|Any CPU.Build.0 = Release|Any CPU
		{EF285885-B883-420E-9293-DDDB3CC5E4BD}.Debug|Any CPU.ActiveCfg = Debug|Any CPU
		{EF285885-B883-420E-9293-DDDB3CC5E4BD}.Debug|Any CPU.Build.0 = Debug|Any CPU
		{EF285885-B883-420E-9293-DDDB3CC5E4BD}.Release|Any CPU.ActiveCfg = Release|Any CPU
		{EF285885-B883-420E-9293-DDDB3CC5E4BD}.Release|Any CPU.Build.0 = Release|Any CPU
		{D518FD01-77F3-4956-AE1A-DC4EB282566B}.Debug|Any CPU.ActiveCfg = Debug|Any CPU
		{D518FD01-77F3-4956-AE1A-DC4EB282566B}.Debug|Any CPU.Build.0 = Debug|Any CPU
		{D518FD01-77F3-4956-AE1A-DC4EB282566B}.Release|Any CPU.ActiveCfg = Release|Any CPU
		{D518FD01-77F3-4956-AE1A-DC4EB282566B}.Release|Any CPU.Build.0 = Release|Any CPU
	EndGlobalSection
	GlobalSection(SolutionProperties) = preSolution
		HideSolutionNode = FALSE
	EndGlobalSection
	GlobalSection(ExtensibilityGlobals) = postSolution
		SolutionGuid = {D0C22B9C-2759-4C33-ABE6-FB725555AF64}
	EndGlobalSection
EndGlobal
