
Microsoft Visual Studio Solution File, Format Version 12.00
# Visual Studio Version 16
VisualStudioVersion = 16.0.29521.150
MinimumVisualStudioVersion = 10.0.40219.1
Project("{9A19103F-16F7-4668-BE54-9A1E7A4F7556}") = "RepositoryCommon", "Entitiy\RepositoryCommon.csproj", "{481720FC-620F-4915-BCAF-8D8F7A0967B4}"
EndProject
Project("{9A19103F-16F7-4668-BE54-9A1E7A4F7556}") = "RepositoryNetCore", "RepositoryNetCore\RepositoryNetCore.csproj", "{EF285885-B883-420E-9293-DDDB3CC5E4BD}"
EndProject
Project("{FAE04EC0-301F-11D3-BF4B-00C04F79EFBC}") = "RepositoryNetFramework", "RepositoryNetFramework\RepositoryNetFramework.csproj", "{C9EBEAE9-B853-402C-90FA-1B24C0DA45AC}"
EndProject
Project("{9A19103F-16F7-4668-BE54-9A1E7A4F7556}") = "RepositoryNetCoreTests", "RepositoryNetCoreTests\RepositoryNetCoreTests.csproj", "{D518FD01-77F3-4956-AE1A-DC4EB282566B}"
EndProject
Project("{FAE04EC0-301F-11D3-BF4B-00C04F79EFBC}") = "RepositoryNetCoreLocal", "RepositoryNetCoreLocal\RepositoryNetCoreLocal.csproj", "{F714DDDD-6068-484C-8E79-47B1FCF70716}"
EndProject
Project("{FAE04EC0-301F-11D3-BF4B-00C04F79EFBC}") = "SharedFolderDBContext", "SharedFolderDBContext\SharedFolderDBContext.csproj", "{4C8BFDF3-7805-4441-A007-739418AF472D}"
EndProject
Global
	GlobalSection(SolutionConfigurationPlatforms) = preSolution
		Debug|Any CPU = Debug|Any CPU
		Release|Any CPU = Release|Any CPU
	EndGlobalSection
	GlobalSection(ProjectConfigurationPlatforms) = postSolution
		{481720FC-620F-4915-BCAF-8D8F7A0967B4}.Debug|Any CPU.ActiveCfg = Debug|Any CPU
		{481720FC-620F-4915-BCAF-8D8F7A0967B4}.Debug|Any CPU.Build.0 = Debug|Any CPU
		{481720FC-620F-4915-BCAF-8D8F7A0967B4}.Release|Any CPU.ActiveCfg = Release|Any CPU
		{481720FC-620F-4915-BCAF-8D8F7A0967B4}.Release|Any CPU.Build.0 = Release|Any CPU
		{EF285885-B883-420E-9293-DDDB3CC5E4BD}.Debug|Any CPU.ActiveCfg = Debug|Any CPU
		{EF285885-B883-420E-9293-DDDB3CC5E4BD}.Debug|Any CPU.Build.0 = Debug|Any CPU
		{EF285885-B883-420E-9293-DDDB3CC5E4BD}.Release|Any CPU.ActiveCfg = Release|Any CPU
		{EF285885-B883-420E-9293-DDDB3CC5E4BD}.Release|Any CPU.Build.0 = Release|Any CPU
		{C9EBEAE9-B853-402C-90FA-1B24C0DA45AC}.Debug|Any CPU.ActiveCfg = Debug|Any CPU
		{C9EBEAE9-B853-402C-90FA-1B24C0DA45AC}.Debug|Any CPU.Build.0 = Debug|Any CPU
		{C9EBEAE9-B853-402C-90FA-1B24C0DA45AC}.Release|Any CPU.ActiveCfg = Release|Any CPU
		{C9EBEAE9-B853-402C-90FA-1B24C0DA45AC}.Release|Any CPU.Build.0 = Release|Any CPU
		{D518FD01-77F3-4956-AE1A-DC4EB282566B}.Debug|Any CPU.ActiveCfg = Debug|Any CPU
		{D518FD01-77F3-4956-AE1A-DC4EB282566B}.Debug|Any CPU.Build.0 = Debug|Any CPU
		{D518FD01-77F3-4956-AE1A-DC4EB282566B}.Release|Any CPU.ActiveCfg = Release|Any CPU
		{D518FD01-77F3-4956-AE1A-DC4EB282566B}.Release|Any CPU.Build.0 = Release|Any CPU
		{F714DDDD-6068-484C-8E79-47B1FCF70716}.Debug|Any CPU.ActiveCfg = Debug|Any CPU
		{F714DDDD-6068-484C-8E79-47B1FCF70716}.Debug|Any CPU.Build.0 = Debug|Any CPU
		{F714DDDD-6068-484C-8E79-47B1FCF70716}.Release|Any CPU.ActiveCfg = Release|Any CPU
		{F714DDDD-6068-484C-8E79-47B1FCF70716}.Release|Any CPU.Build.0 = Release|Any CPU
		{4C8BFDF3-7805-4441-A007-739418AF472D}.Debug|Any CPU.ActiveCfg = Debug|Any CPU
		{4C8BFDF3-7805-4441-A007-739418AF472D}.Debug|Any CPU.Build.0 = Debug|Any CPU
		{4C8BFDF3-7805-4441-A007-739418AF472D}.Release|Any CPU.ActiveCfg = Release|Any CPU
		{4C8BFDF3-7805-4441-A007-739418AF472D}.Release|Any CPU.Build.0 = Release|Any CPU
	EndGlobalSection
	GlobalSection(SolutionProperties) = preSolution
		HideSolutionNode = FALSE
	EndGlobalSection
	GlobalSection(ExtensibilityGlobals) = postSolution
		SolutionGuid = {D0C22B9C-2759-4C33-ABE6-FB725555AF64}
	EndGlobalSection
EndGlobal
